
Microsoft Visual Studio Solution File, Format Version 12.00
# Visual Studio Version 17
VisualStudioVersion = 17.9.34622.214
MinimumVisualStudioVersion = 10.0.40219.1
Project("{FAE04EC0-301F-11D3-BF4B-00C04F79EFBC}") = "RobôADP", "RobôADP\RobôADP.csproj", "{89F74A5F-D116-4471-9FD4-3C646F9AB721}"
EndProject
Global
	GlobalSection(SolutionConfigurationPlatforms) = preSolution
		Debug|Any CPU = Debug|Any CPU
		Release|Any CPU = Release|Any CPU
	EndGlobalSection
	GlobalSection(ProjectConfigurationPlatforms) = postSolution
		{89F74A5F-D116-4471-9FD4-3C646F9AB721}.Debug|Any CPU.ActiveCfg = Debug|Any CPU
		{89F74A5F-D116-4471-9FD4-3C646F9AB721}.Debug|Any CPU.Build.0 = Debug|Any CPU
		{89F74A5F-D116-4471-9FD4-3C646F9AB721}.Release|Any CPU.ActiveCfg = Release|Any CPU
		{89F74A5F-D116-4471-9FD4-3C646F9AB721}.Release|Any CPU.Build.0 = Release|Any CPU
	EndGlobalSection
	GlobalSection(SolutionProperties) = preSolution
		HideSolutionNode = FALSE
	EndGlobalSection
	GlobalSection(ExtensibilityGlobals) = postSolution
		SolutionGuid = {DCCABA13-8BC6-45B1-9B0F-0665701A2067}
	EndGlobalSection
EndGlobal
